<?xml version="1.0" encoding="utf-8"?>
<Project ToolsVersion="4.0" xmlns="http://schemas.microsoft.com/developer/msbuild/2003">
  <ItemGroup>
    <Filter Include="Source Files">
      <UniqueIdentifier>{4FC737F1-C7A5-4376-A066-2A32D752A2FF}</UniqueIdentifier>
      <Extensions>cpp;c;cc;cxx;def;odl;idl;hpj;bat;asm;asmx</Extensions>
    </Filter>
    <Filter Include="Header Files">
      <UniqueIdentifier>{93995380-89BD-4b04-88EB-625FBE52EBFB}</UniqueIdentifier>
      <Extensions>h;hh;hpp;hxx;hm;inl;inc;xsd</Extensions>
    </Filter>
    <Filter Include="Resource Files">
      <UniqueIdentifier>{67DA6AB6-F800-4c08-8B7A-83BB121AAD01}</UniqueIdentifier>
      <Extensions>rc;ico;cur;bmp;dlg;rc2;rct;bin;rgs;gif;jpg;jpeg;jpe;resx;tiff;tif;png;wav;mfcribbon-ms</Extensions>
    </Filter>
  </ItemGroup>
  <ItemGroup>
    <ClInclude Include="ASN1_includes.h">
      <Filter>Header Files</Filter>
    </ClInclude>
    <ClInclude Include="ASN1_Object.h">
      <Filter>Header Files</Filter>
    </ClInclude>
    <ClInclude Include="Exceptions.h">
      <Filter>Header Files</Filter>
    </ClInclude>
    <ClInclude Include="ASN1_Value.h">
      <Filter>Header Files</Filter>
    </ClInclude>
    <ClInclude Include="Utils.h">
      <Filter>Header Files</Filter>
    </ClInclude>
    <ClInclude Include="C_Interface.h">
      <Filter>Header Files</Filter>
    </ClInclude>
    <ClInclude Include="ByteArray.h">
      <Filter>Header Files</Filter>
    </ClInclude>
    <ClInclude Include="Objects\ASN1_Choice.h">
      <Filter>Header Files</Filter>
    </ClInclude>
    <ClInclude Include="Objects\ASN1_Sequence.h">
      <Filter>Header Files</Filter>
    </ClInclude>
    <ClInclude Include="Objects\ASN1_SequenceOf.h">
      <Filter>Header Files</Filter>
    </ClInclude>
    <ClInclude Include="Objects\ASN1_Set.h">
      <Filter>Header Files</Filter>
    </ClInclude>
    <ClInclude Include="Values\ASN1_ValueChoice.h">
      <Filter>Header Files</Filter>
    </ClInclude>
    <ClInclude Include="Values\ASN1_ValueSequence.h">
      <Filter>Header Files</Filter>
    </ClInclude>
    <ClInclude Include="Values\ASN1_ValueSequenceOf.h">
      <Filter>Header Files</Filter>
    </ClInclude>
    <ClInclude Include="Values\ASN1_ValueSet.h">
      <Filter>Header Files</Filter>
    </ClInclude>
    <ClInclude Include="Values\ASN1_Value_Nodes.h">
      <Filter>Header Files</Filter>
    </ClInclude>
    <ClInclude Include="Objects\ASN1_Object_Nodes.h">
      <Filter>Header Files</Filter>
    </ClInclude>
  </ItemGroup>
  <ItemGroup>
    <ClCompile Include="ASN1_Object.cpp">
      <Filter>Source Files</Filter>
    </ClCompile>
    <ClCompile Include="ASN1_Value.cpp">
      <Filter>Source Files</Filter>
    </ClCompile>
    <ClCompile Include="Utils.cpp">
      <Filter>Source Files</Filter>
    </ClCompile>
    <ClCompile Include="C_Interface.cpp">
      <Filter>Source Files</Filter>
    </ClCompile>
    <ClCompile Include="ByteArray.cpp">
      <Filter>Source Files</Filter>
    </ClCompile>
    <ClCompile Include="Objects\ASN1_Choice.cpp">
      <Filter>Source Files</Filter>
    </ClCompile>
    <ClCompile Include="Objects\ASN1_Sequence.cpp">
      <Filter>Source Files</Filter>
    </ClCompile>
    <ClCompile Include="Objects\ASN1_SequenceOf.cpp">
      <Filter>Source Files</Filter>
    </ClCompile>
    <ClCompile Include="Objects\ASN1_Set.cpp">
      <Filter>Source Files</Filter>
    </ClCompile>
    <ClCompile Include="Values\ASN1_ValueBoolean.cpp">
      <Filter>Source Files</Filter>
    </ClCompile>
    <ClCompile Include="Values\ASN1_ValueChoice.cpp">
      <Filter>Source Files</Filter>
    </ClCompile>
    <ClCompile Include="Values\ASN1_ValueEnumerated.cpp">
      <Filter>Source Files</Filter>
    </ClCompile>
    <ClCompile Include="Values\ASN1_ValueIA5String.cpp">
      <Filter>Source Files</Filter>
    </ClCompile>
    <ClCompile Include="Values\ASN1_ValueInteger.cpp">
      <Filter>Source Files</Filter>
    </ClCompile>
    <ClCompile Include="Values\ASN1_ValueNull.cpp">
      <Filter>Source Files</Filter>
    </ClCompile>
    <ClCompile Include="Values\ASN1_ValueObjectID.cpp">
      <Filter>Source Files</Filter>
    </ClCompile>
    <ClCompile Include="Values\ASN1_ValueOctetString.cpp">
      <Filter>Source Files</Filter>
    </ClCompile>
    <ClCompile Include="Values\ASN1_ValueReal.cpp">
      <Filter>Source Files</Filter>
    </ClCompile>
    <ClCompile Include="Values\ASN1_ValueSequence.cpp">
      <Filter>Source Files</Filter>
    </ClCompile>
    <ClCompile Include="Values\ASN1_ValueSequenceOf.cpp">
      <Filter>Source Files</Filter>
    </ClCompile>
    <ClCompile Include="Values\ASN1_ValueSet.cpp">
      <Filter>Source Files</Filter>
    </ClCompile>
    <ClCompile Include="Values\ASN1_ValueUTCTime.cpp">
      <Filter>Source Files</Filter>
    </ClCompile>
    <ClCompile Include="Values\ASN1_ValueUTF8String.cpp">
      <Filter>Source Files</Filter>
    </ClCompile>
    <ClCompile Include="Values\ASN1_ValueBitString.cpp">
      <Filter>Source Files</Filter>
    </ClCompile>
    <ClCompile Include="Objects\ASN1_Object_Nodes.cpp">
      <Filter>Source Files</Filter>
    </ClCompile>
  </ItemGroup>
</Project>